
Microsoft Visual Studio Solution File, Format Version 12.00
# Visual Studio Version 16
VisualStudioVersion = 16.0.29326.143
MinimumVisualStudioVersion = 10.0.40219.1
Project("{FAE04EC0-301F-11D3-BF4B-00C04F79EFBC}") = "HoehenGenerator", "HoehenGenerator\HoehenGenerator.csproj", "{5633D02D-073C-43B7-AADE-9B4D022FEFA8}"
EndProject
Project("{FAE04EC0-301F-11D3-BF4B-00C04F79EFBC}") = "XmlTest", "XmlTest\XmlTest.csproj", "{638F385F-3625-42C2-BBD0-5E98D3B740FE}"
EndProject
Global
	GlobalSection(SolutionConfigurationPlatforms) = preSolution
		Debug|Any CPU = Debug|Any CPU
		Release|Any CPU = Release|Any CPU
	EndGlobalSection
	GlobalSection(ProjectConfigurationPlatforms) = postSolution
		{5633D02D-073C-43B7-AADE-9B4D022FEFA8}.Debug|Any CPU.ActiveCfg = Debug|Any CPU
		{5633D02D-073C-43B7-AADE-9B4D022FEFA8}.Debug|Any CPU.Build.0 = Debug|Any CPU
		{5633D02D-073C-43B7-AADE-9B4D022FEFA8}.Release|Any CPU.ActiveCfg = Release|Any CPU
		{5633D02D-073C-43B7-AADE-9B4D022FEFA8}.Release|Any CPU.Build.0 = Release|Any CPU
		{638F385F-3625-42C2-BBD0-5E98D3B740FE}.Debug|Any CPU.ActiveCfg = Debug|Any CPU
		{638F385F-3625-42C2-BBD0-5E98D3B740FE}.Debug|Any CPU.Build.0 = Debug|Any CPU
		{638F385F-3625-42C2-BBD0-5E98D3B740FE}.Release|Any CPU.ActiveCfg = Release|Any CPU
		{638F385F-3625-42C2-BBD0-5E98D3B740FE}.Release|Any CPU.Build.0 = Release|Any CPU
	EndGlobalSection
	GlobalSection(SolutionProperties) = preSolution
		HideSolutionNode = FALSE
	EndGlobalSection
	GlobalSection(ExtensibilityGlobals) = postSolution
		SolutionGuid = {3D515B2B-3DE2-4134-B795-260137A790E1}
	EndGlobalSection
EndGlobal
